
Microsoft Visual Studio Solution File, Format Version 12.00
# Visual Studio Version 17
VisualStudioVersion = 17.1.32421.90
MinimumVisualStudioVersion = 10.0.40219.1
Project("{9092AA53-FB77-4645-B42D-1CCCA6BD08BD}") = "PatisserieFrontEnd", "PatisserieFrontEnd\PatisserieFrontEnd.njsproj", "{C7440CFF-0604-4574-8FA4-6E36C4F5316F}"
EndProject
Global
	GlobalSection(SolutionConfigurationPlatforms) = preSolution
		Debug|Any CPU = Debug|Any CPU
		Release|Any CPU = Release|Any CPU
	EndGlobalSection
	GlobalSection(ProjectConfigurationPlatforms) = postSolution
		{C7440CFF-0604-4574-8FA4-6E36C4F5316F}.Debug|Any CPU.ActiveCfg = Debug|Any CPU
		{C7440CFF-0604-4574-8FA4-6E36C4F5316F}.Debug|Any CPU.Build.0 = Debug|Any CPU
		{C7440CFF-0604-4574-8FA4-6E36C4F5316F}.Release|Any CPU.ActiveCfg = Release|Any CPU
		{C7440CFF-0604-4574-8FA4-6E36C4F5316F}.Release|Any CPU.Build.0 = Release|Any CPU
	EndGlobalSection
	GlobalSection(SolutionProperties) = preSolution
		HideSolutionNode = FALSE
	EndGlobalSection
	GlobalSection(ExtensibilityGlobals) = postSolution
		SolutionGuid = {EA78FF2C-A297-442F-8F3B-4991B076D866}
	EndGlobalSection
EndGlobal
